// !$*UTF8*$!
{
	archiveVersion = 1;
	classes = {
	};
	objectVersion = 50;
	objects = {

/* Begin PBXBuildFile section */
		9274FC9F2095C5A6009FF01F /* CoreDataManager.swift in Sources */ = {isa = PBXBuildFile; fileRef = 9274FC9E2095C5A6009FF01F /* CoreDataManager.swift */; };
		92C9BAC420944C580011F74C /* AppDelegate.swift in Sources */ = {isa = PBXBuildFile; fileRef = 92C9BAC320944C580011F74C /* AppDelegate.swift */; };
		92C9BAC620944C580011F74C /* StartViewController.swift in Sources */ = {isa = PBXBuildFile; fileRef = 92C9BAC520944C580011F74C /* StartViewController.swift */; };
		92C9BAC920944C580011F74C /* Main.storyboard in Resources */ = {isa = PBXBuildFile; fileRef = 92C9BAC720944C580011F74C /* Main.storyboard */; };
		92C9BACC20944C580011F74C /* KanjiHack.xcdatamodeld in Sources */ = {isa = PBXBuildFile; fileRef = 92C9BACA20944C580011F74C /* KanjiHack.xcdatamodeld */; };
		92C9BACE20944C5B0011F74C /* Assets.xcassets in Resources */ = {isa = PBXBuildFile; fileRef = 92C9BACD20944C5B0011F74C /* Assets.xcassets */; };
		92C9BAD120944C5B0011F74C /* LaunchScreen.storyboard in Resources */ = {isa = PBXBuildFile; fileRef = 92C9BACF20944C5B0011F74C /* LaunchScreen.storyboard */; };
		92C9BAD920944EBF0011F74C /* MainViewController.swift in Sources */ = {isa = PBXBuildFile; fileRef = 92C9BAD820944EBF0011F74C /* MainViewController.swift */; };
		92C9BAE22094788D0011F74C /* SettingsViewController.swift in Sources */ = {isa = PBXBuildFile; fileRef = 92C9BAE12094788D0011F74C /* SettingsViewController.swift */; };
		92C9BAE42094D7220011F74C /* QuestionDTO.swift in Sources */ = {isa = PBXBuildFile; fileRef = 92C9BAE32094D7220011F74C /* QuestionDTO.swift */; };
/* End PBXBuildFile section */

/* Begin PBXFileReference section */
		9274FC9E2095C5A6009FF01F /* CoreDataManager.swift */ = {isa = PBXFileReference; lastKnownFileType = sourcecode.swift; path = CoreDataManager.swift; sourceTree = "<group>"; };
		92C9BAC020944C580011F74C /* KanjiHack.app */ = {isa = PBXFileReference; explicitFileType = wrapper.application; includeInIndex = 0; path = KanjiHack.app; sourceTree = BUILT_PRODUCTS_DIR; };
		92C9BAC320944C580011F74C /* AppDelegate.swift */ = {isa = PBXFileReference; lastKnownFileType = sourcecode.swift; path = AppDelegate.swift; sourceTree = "<group>"; };
		92C9BAC520944C580011F74C /* StartViewController.swift */ = {isa = PBXFileReference; lastKnownFileType = sourcecode.swift; path = StartViewController.swift; sourceTree = "<group>"; };
		92C9BAC820944C580011F74C /* Base */ = {isa = PBXFileReference; lastKnownFileType = file.storyboard; name = Base; path = Base.lproj/Main.storyboard; sourceTree = "<group>"; };
		92C9BACB20944C580011F74C /* KanjiHack.xcdatamodel */ = {isa = PBXFileReference; lastKnownFileType = wrapper.xcdatamodel; path = KanjiHack.xcdatamodel; sourceTree = "<group>"; };
		92C9BACD20944C5B0011F74C /* Assets.xcassets */ = {isa = PBXFileReference; lastKnownFileType = folder.assetcatalog; path = Assets.xcassets; sourceTree = "<group>"; };
		92C9BAD020944C5B0011F74C /* Base */ = {isa = PBXFileReference; lastKnownFileType = file.storyboard; name = Base; path = Base.lproj/LaunchScreen.storyboard; sourceTree = "<group>"; };
		92C9BAD220944C5B0011F74C /* Info.plist */ = {isa = PBXFileReference; lastKnownFileType = text.plist.xml; path = Info.plist; sourceTree = "<group>"; };
		92C9BAD820944EBF0011F74C /* MainViewController.swift */ = {isa = PBXFileReference; lastKnownFileType = sourcecode.swift; path = MainViewController.swift; sourceTree = "<group>"; };
		92C9BAE12094788D0011F74C /* SettingsViewController.swift */ = {isa = PBXFileReference; lastKnownFileType = sourcecode.swift; path = SettingsViewController.swift; sourceTree = "<group>"; };
		92C9BAE32094D7220011F74C /* QuestionDTO.swift */ = {isa = PBXFileReference; lastKnownFileType = sourcecode.swift; path = QuestionDTO.swift; sourceTree = "<group>"; };
/* End PBXFileReference section */

/* Begin PBXFrameworksBuildPhase section */
		92C9BABD20944C580011F74C /* Frameworks */ = {
			isa = PBXFrameworksBuildPhase;
			buildActionMask = 2147483647;
			files = (
			);
			runOnlyForDeploymentPostprocessing = 0;
		};
/* End PBXFrameworksBuildPhase section */

/* Begin PBXGroup section */
		9274FC9D2095C58D009FF01F /* Service */ = {
			isa = PBXGroup;
			children = (
				9274FC9E2095C5A6009FF01F /* CoreDataManager.swift */,
			);
			path = Service;
			sourceTree = "<group>";
		};
		92C9BAB720944C580011F74C = {
			isa = PBXGroup;
			children = (
				92C9BAC220944C580011F74C /* KanjiHack */,
				92C9BAC120944C580011F74C /* Products */,
			);
			sourceTree = "<group>";
		};
		92C9BAC120944C580011F74C /* Products */ = {
			isa = PBXGroup;
			children = (
				92C9BAC020944C580011F74C /* KanjiHack.app */,
			);
			name = Products;
			sourceTree = "<group>";
		};
		92C9BAC220944C580011F74C /* KanjiHack */ = {
			isa = PBXGroup;
			children = (
				92C9BADA209453090011F74C /* Application */,
				9274FC9D2095C58D009FF01F /* Service */,
				92C9BADD209453310011F74C /* ViewController */,
				92C9BADC209453270011F74C /* View */,
				92C9BADB2094531B0011F74C /* Model */,
				92C9BADE209453500011F74C /* Supporting Files */,
				92C9BAD220944C5B0011F74C /* Info.plist */,
			);
			path = KanjiHack;
			sourceTree = "<group>";
		};
		92C9BADA209453090011F74C /* Application */ = {
			isa = PBXGroup;
			children = (
				92C9BAC320944C580011F74C /* AppDelegate.swift */,
			);
			path = Application;
			sourceTree = "<group>";
		};
		92C9BADB2094531B0011F74C /* Model */ = {
			isa = PBXGroup;
			children = (
				92C9BACA20944C580011F74C /* KanjiHack.xcdatamodeld */,
				92C9BAE32094D7220011F74C /* QuestionDTO.swift */,
			);
			path = Model;
			sourceTree = "<group>";
		};
		92C9BADC209453270011F74C /* View */ = {
			isa = PBXGroup;
			children = (
				92C9BAC720944C580011F74C /* Main.storyboard */,
				92C9BACF20944C5B0011F74C /* LaunchScreen.storyboard */,
			);
			path = View;
			sourceTree = "<group>";
		};
		92C9BADD209453310011F74C /* ViewController */ = {
			isa = PBXGroup;
			children = (
				92C9BAC520944C580011F74C /* StartViewController.swift */,
				92C9BAD820944EBF0011F74C /* MainViewController.swift */,
				92C9BAE12094788D0011F74C /* SettingsViewController.swift */,
			);
			path = ViewController;
			sourceTree = "<group>";
		};
		92C9BADE209453500011F74C /* Supporting Files */ = {
			isa = PBXGroup;
			children = (
				92C9BACD20944C5B0011F74C /* Assets.xcassets */,
			);
			path = "Supporting Files";
			sourceTree = "<group>";
		};
/* End PBXGroup section */

/* Begin PBXNativeTarget section */
		92C9BABF20944C580011F74C /* KanjiHack */ = {
			isa = PBXNativeTarget;
			buildConfigurationList = 92C9BAD520944C5B0011F74C /* Build configuration list for PBXNativeTarget "KanjiHack" */;
			buildPhases = (
				92C9BABC20944C580011F74C /* Sources */,
				92C9BABD20944C580011F74C /* Frameworks */,
				92C9BABE20944C580011F74C /* Resources */,
			);
			buildRules = (
			);
			dependencies = (
			);
			name = KanjiHack;
			productName = KanjiHack;
			productReference = 92C9BAC020944C580011F74C /* KanjiHack.app */;
			productType = "com.apple.product-type.application";
		};
/* End PBXNativeTarget section */

/* Begin PBXProject section */
		92C9BAB820944C580011F74C /* Project object */ = {
			isa = PBXProject;
			attributes = {
				LastSwiftUpdateCheck = 0930;
				LastUpgradeCheck = 0930;
				ORGANIZATIONNAME = "Anthony Marchenko";
				TargetAttributes = {
					92C9BABF20944C580011F74C = {
						CreatedOnToolsVersion = 9.3;
					};
				};
			};
			buildConfigurationList = 92C9BABB20944C580011F74C /* Build configuration list for PBXProject "KanjiHack" */;
			compatibilityVersion = "Xcode 9.3";
			developmentRegion = en;
			hasScannedForEncodings = 0;
			knownRegions = (
				en,
				Base,
			);
			mainGroup = 92C9BAB720944C580011F74C;
			productRefGroup = 92C9BAC120944C580011F74C /* Products */;
			projectDirPath = "";
			projectRoot = "";
			targets = (
				92C9BABF20944C580011F74C /* KanjiHack */,
			);
		};
/* End PBXProject section */

/* Begin PBXResourcesBuildPhase section */
		92C9BABE20944C580011F74C /* Resources */ = {
			isa = PBXResourcesBuildPhase;
			buildActionMask = 2147483647;
			files = (
				92C9BAD120944C5B0011F74C /* LaunchScreen.storyboard in Resources */,
				92C9BACE20944C5B0011F74C /* Assets.xcassets in Resources */,
				92C9BAC920944C580011F74C /* Main.storyboard in Resources */,
			);
			runOnlyForDeploymentPostprocessing = 0;
		};
/* End PBXResourcesBuildPhase section */

/* Begin PBXSourcesBuildPhase section */
		92C9BABC20944C580011F74C /* Sources */ = {
			isa = PBXSourcesBuildPhase;
			buildActionMask = 2147483647;
			files = (
				92C9BACC20944C580011F74C /* KanjiHack.xcdatamodeld in Sources */,
				92C9BAC620944C580011F74C /* StartViewController.swift in Sources */,
				92C9BAC420944C580011F74C /* AppDelegate.swift in Sources */,
				9274FC9F2095C5A6009FF01F /* CoreDataManager.swift in Sources */,
				92C9BAE42094D7220011F74C /* QuestionDTO.swift in Sources */,
				92C9BAD920944EBF0011F74C /* MainViewController.swift in Sources */,
				92C9BAE22094788D0011F74C /* SettingsViewController.swift in Sources */,
			);
			runOnlyForDeploymentPostprocessing = 0;
		};
/* End PBXSourcesBuildPhase section */

/* Begin PBXVariantGroup section */
		92C9BAC720944C580011F74C /* Main.storyboard */ = {
			isa = PBXVariantGroup;
			children = (
				92C9BAC820944C580011F74C /* Base */,
			);
			name = Main.storyboard;
			sourceTree = "<group>";
		};
		92C9BACF20944C5B0011F74C /* LaunchScreen.storyboard */ = {
			isa = PBXVariantGroup;
			children = (
				92C9BAD020944C5B0011F74C /* Base */,
			);
			name = LaunchScreen.storyboard;
			sourceTree = "<group>";
		};
/* End PBXVariantGroup section */

/* Begin XCBuildConfiguration section */
		92C9BAD320944C5B0011F74C /* Debug */ = {
			isa = XCBuildConfiguration;
			buildSettings = {
				ALWAYS_SEARCH_USER_PATHS = NO;
				CLANG_ANALYZER_NONNULL = YES;
				CLANG_ANALYZER_NUMBER_OBJECT_CONVERSION = YES_AGGRESSIVE;
				CLANG_CXX_LANGUAGE_STANDARD = "gnu++14";
				CLANG_CXX_LIBRARY = "libc++";
				CLANG_ENABLE_MODULES = YES;
				CLANG_ENABLE_OBJC_ARC = YES;
				CLANG_ENABLE_OBJC_WEAK = YES;
				CLANG_WARN_BLOCK_CAPTURE_AUTORELEASING = YES;
				CLANG_WARN_BOOL_CONVERSION = YES;
				CLANG_WARN_COMMA = YES;
				CLANG_WARN_CONSTANT_CONVERSION = YES;
				CLANG_WARN_DEPRECATED_OBJC_IMPLEMENTATIONS = YES;
				CLANG_WARN_DIRECT_OBJC_ISA_USAGE = YES_ERROR;
				CLANG_WARN_DOCUMENTATION_COMMENTS = YES;
				CLANG_WARN_EMPTY_BODY = YES;
				CLANG_WARN_ENUM_CONVERSION = YES;
				CLANG_WARN_INFINITE_RECURSION = YES;
				CLANG_WARN_INT_CONVERSION = YES;
				CLANG_WARN_NON_LITERAL_NULL_CONVERSION = YES;
				CLANG_WARN_OBJC_IMPLICIT_RETAIN_SELF = YES;
				CLANG_WARN_OBJC_LITERAL_CONVERSION = YES;
				CLANG_WARN_OBJC_ROOT_CLASS = YES_ERROR;
				CLANG_WARN_RANGE_LOOP_ANALYSIS = YES;
				CLANG_WARN_STRICT_PROTOTYPES = YES;
				CLANG_WARN_SUSPICIOUS_MOVE = YES;
				CLANG_WARN_UNGUARDED_AVAILABILITY = YES_AGGRESSIVE;
				CLANG_WARN_UNREACHABLE_CODE = YES;
				CLANG_WARN__DUPLICATE_METHOD_MATCH = YES;
				CODE_SIGN_IDENTITY = "iPhone Developer";
				COPY_PHASE_STRIP = NO;
				DEBUG_INFORMATION_FORMAT = dwarf;
				ENABLE_STRICT_OBJC_MSGSEND = YES;
				ENABLE_TESTABILITY = YES;
				GCC_C_LANGUAGE_STANDARD = gnu11;
				GCC_DYNAMIC_NO_PIC = NO;
				GCC_NO_COMMON_BLOCKS = YES;
				GCC_OPTIMIZATION_LEVEL = 0;
				GCC_PREPROCESSOR_DEFINITIONS = (
					"DEBUG=1",
					"$(inherited)",
				);
				GCC_WARN_64_TO_32_BIT_CONVERSION = YES;
				GCC_WARN_ABOUT_RETURN_TYPE = YES_ERROR;
				GCC_WARN_UNDECLARED_SELECTOR = YES;
				GCC_WARN_UNINITIALIZED_AUTOS = YES_AGGRESSIVE;
				GCC_WARN_UNUSED_FUNCTION = YES;
				GCC_WARN_UNUSED_VARIABLE = YES;
				IPHONEOS_DEPLOYMENT_TARGET = 10.1;
				MTL_ENABLE_DEBUG_INFO = YES;
				ONLY_ACTIVE_ARCH = YES;
				SDKROOT = iphoneos;
				SWIFT_ACTIVE_COMPILATION_CONDITIONS = DEBUG;
				SWIFT_OPTIMIZATION_LEVEL = "-Onone";
			};
			name = Debug;
		};
		92C9BAD420944C5B0011F74C /* Release */ = {
			isa = XCBuildConfiguration;
			buildSettings = {
				ALWAYS_SEARCH_USER_PATHS = NO;
				CLANG_ANALYZER_NONNULL = YES;
				CLANG_ANALYZER_NUMBER_OBJECT_CONVERSION = YES_AGGRESSIVE;
				CLANG_CXX_LANGUAGE_STANDARD = "gnu++14";
				CLANG_CXX_LIBRARY = "libc++";
				CLANG_ENABLE_MODULES = YES;
				CLANG_ENABLE_OBJC_ARC = YES;
				CLANG_ENABLE_OBJC_WEAK = YES;
				CLANG_WARN_BLOCK_CAPTURE_AUTORELEASING = YES;
				CLANG_WARN_BOOL_CONVERSION = YES;
				CLANG_WARN_COMMA = YES;
				CLANG_WARN_CONSTANT_CONVERSION = YES;
				CLANG_WARN_DEPRECATED_OBJC_IMPLEMENTATIONS = YES;
				CLANG_WARN_DIRECT_OBJC_ISA_USAGE = YES_ERROR;
				CLANG_WARN_DOCUMENTATION_COMMENTS = YES;
				CLANG_WARN_EMPTY_BODY = YES;
				CLANG_WARN_ENUM_CONVERSION = YES;
				CLANG_WARN_INFINITE_RECURSION = YES;
				CLANG_WARN_INT_CONVERSION = YES;
				CLANG_WARN_NON_LITERAL_NULL_CONVERSION = YES;
				CLANG_WARN_OBJC_IMPLICIT_RETAIN_SELF = YES;
				CLANG_WARN_OBJC_LITERAL_CONVERSION = YES;
				CLANG_WARN_OBJC_ROOT_CLASS = YES_ERROR;
				CLANG_WARN_RANGE_LOOP_ANALYSIS = YES;
				CLANG_WARN_STRICT_PROTOTYPES = YES;
				CLANG_WARN_SUSPICIOUS_MOVE = YES;
				CLANG_WARN_UNGUARDED_AVAILABILITY = YES_AGGRESSIVE;
				CLANG_WARN_UNREACHABLE_CODE = YES;
				CLANG_WARN__DUPLICATE_METHOD_MATCH = YES;
				CODE_SIGN_IDENTITY = "iPhone Developer";
				COPY_PHASE_STRIP = NO;
				DEBUG_INFORMATION_FORMAT = "dwarf-with-dsym";
				ENABLE_NS_ASSERTIONS = NO;
				ENABLE_STRICT_OBJC_MSGSEND = YES;
				GCC_C_LANGUAGE_STANDARD = gnu11;
				GCC_NO_COMMON_BLOCKS = YES;
				GCC_WARN_64_TO_32_BIT_CONVERSION = YES;
				GCC_WARN_ABOUT_RETURN_TYPE = YES_ERROR;
				GCC_WARN_UNDECLARED_SELECTOR = YES;
				GCC_WARN_UNINITIALIZED_AUTOS = YES_AGGRESSIVE;
				GCC_WARN_UNUSED_FUNCTION = YES;
				GCC_WARN_UNUSED_VARIABLE = YES;
				IPHONEOS_DEPLOYMENT_TARGET = 10.1;
				MTL_ENABLE_DEBUG_INFO = NO;
				SDKROOT = iphoneos;
				SWIFT_COMPILATION_MODE = wholemodule;
				SWIFT_OPTIMIZATION_LEVEL = "-O";
				VALIDATE_PRODUCT = YES;
			};
			name = Release;
		};
		92C9BAD620944C5B0011F74C /* Debug */ = {
			isa = XCBuildConfiguration;
			buildSettings = {
				ASSETCATALOG_COMPILER_APPICON_NAME = AppIcon;
				CODE_SIGN_STYLE = Automatic;
				DEVELOPMENT_TEAM = 9QL3M8K88C;
				INFOPLIST_FILE = KanjiHack/Info.plist;
				LD_RUNPATH_SEARCH_PATHS = (
					"$(inherited)",
					"@executable_path/Frameworks",
				);
				PRODUCT_BUNDLE_IDENTIFIER = "Anthony-Marchenko.KanjiHack";
				PRODUCT_NAME = "$(TARGET_NAME)";
				SWIFT_VERSION = 4.0;
				TARGETED_DEVICE_FAMILY = "1,2";
			};
			name = Debug;
		};
		92C9BAD720944C5B0011F74C /* Release */ = {
			isa = XCBuildConfiguration;
			buildSettings = {
				ASSETCATALOG_COMPILER_APPICON_NAME = AppIcon;
				CODE_SIGN_STYLE = Automatic;
				DEVELOPMENT_TEAM = 9QL3M8K88C;
				INFOPLIST_FILE = KanjiHack/Info.plist;
				LD_RUNPATH_SEARCH_PATHS = (
					"$(inherited)",
					"@executable_path/Frameworks",
				);
				PRODUCT_BUNDLE_IDENTIFIER = "Anthony-Marchenko.KanjiHack";
				PRODUCT_NAME = "$(TARGET_NAME)";
				SWIFT_VERSION = 4.0;
				TARGETED_DEVICE_FAMILY = "1,2";
			};
			name = Release;
		};
/* End XCBuildConfiguration section */

/* Begin XCConfigurationList section */
		92C9BABB20944C580011F74C /* Build configuration list for PBXProject "KanjiHack" */ = {
			isa = XCConfigurationList;
			buildConfigurations = (
				92C9BAD320944C5B0011F74C /* Debug */,
				92C9BAD420944C5B0011F74C /* Release */,
			);
			defaultConfigurationIsVisible = 0;
			defaultConfigurationName = Release;
		};
		92C9BAD520944C5B0011F74C /* Build configuration list for PBXNativeTarget "KanjiHack" */ = {
			isa = XCConfigurationList;
			buildConfigurations = (
				92C9BAD620944C5B0011F74C /* Debug */,
				92C9BAD720944C5B0011F74C /* Release */,
			);
			defaultConfigurationIsVisible = 0;
			defaultConfigurationName = Release;
		};
/* End XCConfigurationList section */

/* Begin XCVersionGroup section */
		92C9BACA20944C580011F74C /* KanjiHack.xcdatamodeld */ = {
			isa = XCVersionGroup;
			children = (
				92C9BACB20944C580011F74C /* KanjiHack.xcdatamodel */,
			);
			currentVersion = 92C9BACB20944C580011F74C /* KanjiHack.xcdatamodel */;
			path = KanjiHack.xcdatamodeld;
			sourceTree = "<group>";
			versionGroupType = wrapper.xcdatamodel;
		};
/* End XCVersionGroup section */
	};
	rootObject = 92C9BAB820944C580011F74C /* Project object */;
}
